// !$*UTF8*$!
{
	archiveVersion = 1;
	classes = {
	};
	objectVersion = 46;
	objects = {

/* Begin PBXBuildFile section */
		34832E8C19A1829100C80D70 /* Foundation.framework in Frameworks */ = {isa = PBXBuildFile; fileRef = 34832E8B19A1829100C80D70 /* Foundation.framework */; };
		34832E8E19A1829100C80D70 /* CoreGraphics.framework in Frameworks */ = {isa = PBXBuildFile; fileRef = 34832E8D19A1829100C80D70 /* CoreGraphics.framework */; };
		34832E9019A1829100C80D70 /* UIKit.framework in Frameworks */ = {isa = PBXBuildFile; fileRef = 34832E8F19A1829100C80D70 /* UIKit.framework */; };
		34832E9619A1829100C80D70 /* InfoPlist.strings in Resources */ = {isa = PBXBuildFile; fileRef = 34832E9419A1829100C80D70 /* InfoPlist.strings */; };
		34832E9819A1829100C80D70 /* main.m in Sources */ = {isa = PBXBuildFile; fileRef = 34832E9719A1829100C80D70 /* main.m */; };
		34832E9C19A1829100C80D70 /* AFSAppDelegate.mm in Sources */ = {isa = PBXBuildFile; fileRef = 34832E9B19A1829100C80D70 /* AFSAppDelegate.mm */; settings = {COMPILER_FLAGS = "-fno-objc-arc"; }; };
		34832E9E19A1829100C80D70 /* Images.xcassets in Resources */ = {isa = PBXBuildFile; fileRef = 34832E9D19A1829100C80D70 /* Images.xcassets */; };
		34832EA519A1829100C80D70 /* XCTest.framework in Frameworks */ = {isa = PBXBuildFile; fileRef = 34832EA419A1829100C80D70 /* XCTest.framework */; };
		34832EA619A1829200C80D70 /* Foundation.framework in Frameworks */ = {isa = PBXBuildFile; fileRef = 34832E8B19A1829100C80D70 /* Foundation.framework */; };
		34832EA719A1829200C80D70 /* UIKit.framework in Frameworks */ = {isa = PBXBuildFile; fileRef = 34832E8F19A1829100C80D70 /* UIKit.framework */; };
		34832EAF19A1829200C80D70 /* InfoPlist.strings in Resources */ = {isa = PBXBuildFile; fileRef = 34832EAD19A1829200C80D70 /* InfoPlist.strings */; };
		34832EB119A1829200C80D70 /* Art_for_SpooksTests.m in Sources */ = {isa = PBXBuildFile; fileRef = 34832EB019A1829200C80D70 /* Art_for_SpooksTests.m */; };
		34832EBB19A1834600C80D70 /* CoreVideo.framework in Frameworks */ = {isa = PBXBuildFile; fileRef = 34832EBA19A1834600C80D70 /* CoreVideo.framework */; };
		34832EBD19A1834F00C80D70 /* CoreMedia.framework in Frameworks */ = {isa = PBXBuildFile; fileRef = 34832EBC19A1834F00C80D70 /* CoreMedia.framework */; };
		34832EBF19A1835C00C80D70 /* AVFoundation.framework in Frameworks */ = {isa = PBXBuildFile; fileRef = 34832EBE19A1835C00C80D70 /* AVFoundation.framework */; };
		34832EC119A1836700C80D70 /* SystemConfiguration.framework in Frameworks */ = {isa = PBXBuildFile; fileRef = 34832EC019A1836700C80D70 /* SystemConfiguration.framework */; };
		34832EC319A1837000C80D70 /* OpenGLES.framework in Frameworks */ = {isa = PBXBuildFile; fileRef = 34832EC219A1837000C80D70 /* OpenGLES.framework */; };
		34832EC519A1837D00C80D70 /* CoreMotion.framework in Frameworks */ = {isa = PBXBuildFile; fileRef = 34832EC419A1837D00C80D70 /* CoreMotion.framework */; };
		34832EC719A1838700C80D70 /* Security.framework in Frameworks */ = {isa = PBXBuildFile; fileRef = 34832EC619A1838700C80D70 /* Security.framework */; };
		34832EC919A1839200C80D70 /* QuartzCore.framework in Frameworks */ = {isa = PBXBuildFile; fileRef = 34832EC819A1839200C80D70 /* QuartzCore.framework */; };
		34832ECB19A1841B00C80D70 /* libVuforia.a in Frameworks */ = {isa = PBXBuildFile; fileRef = 34832ECA19A1841B00C80D70 /* libVuforia.a */; };
		34D1DA6419A4531800CE0CA1 /* AFSImageTargetsEAGLView.mm in Sources */ = {isa = PBXBuildFile; fileRef = 34D1DA6119A4531800CE0CA1 /* AFSImageTargetsEAGLView.mm */; settings = {COMPILER_FLAGS = "-fno-objc-arc"; }; };
		34D1DA6519A4531800CE0CA1 /* AFSImageTargetsViewController.mm in Sources */ = {isa = PBXBuildFile; fileRef = 34D1DA6319A4531800CE0CA1 /* AFSImageTargetsViewController.mm */; settings = {COMPILER_FLAGS = "-fno-objc-arc"; }; };
		34D1DA7919A4559E00CE0CA1 /* SampleApplicationSession.mm in Sources */ = {isa = PBXBuildFile; fileRef = 34D1DA6D19A4559E00CE0CA1 /* SampleApplicationSession.mm */; settings = {COMPILER_FLAGS = "-fno-objc-arc"; }; };
		34D1DA7A19A4559E00CE0CA1 /* SampleApplicationUtils.cpp in Sources */ = {isa = PBXBuildFile; fileRef = 34D1DA6F19A4559E00CE0CA1 /* SampleApplicationUtils.cpp */; };
		34D1DA7B19A4559E00CE0CA1 /* SampleApplicationShaderUtils.mm in Sources */ = {isa = PBXBuildFile; fileRef = 34D1DA7119A4559E00CE0CA1 /* SampleApplicationShaderUtils.mm */; };
		34D1DA7C19A4559E00CE0CA1 /* Texture.mm in Sources */ = {isa = PBXBuildFile; fileRef = 34D1DA7319A4559E00CE0CA1 /* Texture.mm */; settings = {COMPILER_FLAGS = "-fno-objc-arc"; }; };
		34D1DA7D19A4559E00CE0CA1 /* SampleApplication3DModel.mm in Sources */ = {isa = PBXBuildFile; fileRef = 34D1DA7819A4559E00CE0CA1 /* SampleApplication3DModel.mm */; settings = {COMPILER_FLAGS = "-fno-objc-arc"; }; };
		34D1DA8019A456E200CE0CA1 /* SampleAppMenu.mm in Sources */ = {isa = PBXBuildFile; fileRef = 34D1DA7F19A456E200CE0CA1 /* SampleAppMenu.mm */; settings = {COMPILER_FLAGS = "-fno-objc-arc"; }; };
		34D1DA9219A4577300CE0CA1 /* ArtForSpooks.dat in Resources */ = {isa = PBXBuildFile; fileRef = 34D1DA8219A4577300CE0CA1 /* ArtForSpooks.dat */; };
		34D1DA9319A4577300CE0CA1 /* ArtForSpooks.xml in Resources */ = {isa = PBXBuildFile; fileRef = 34D1DA8319A4577300CE0CA1 /* ArtForSpooks.xml */; };
		34D1DA9419A4577300CE0CA1 /* StonesAndChips.dat in Resources */ = {isa = PBXBuildFile; fileRef = 34D1DA8419A4577300CE0CA1 /* StonesAndChips.dat */; };
		34D1DA9519A4577300CE0CA1 /* StonesAndChips.xml in Resources */ = {isa = PBXBuildFile; fileRef = 34D1DA8519A4577300CE0CA1 /* StonesAndChips.xml */; };
		34D1DA9619A4577300CE0CA1 /* Tarmac.dat in Resources */ = {isa = PBXBuildFile; fileRef = 34D1DA8619A4577300CE0CA1 /* Tarmac.dat */; };
		34D1DA9719A4577300CE0CA1 /* Tarmac.xml in Resources */ = {isa = PBXBuildFile; fileRef = 34D1DA8719A4577300CE0CA1 /* Tarmac.xml */; };
		34D1DA9819A4577300CE0CA1 /* TextureTeapotBlue.png in Resources */ = {isa = PBXBuildFile; fileRef = 34D1DA8819A4577300CE0CA1 /* TextureTeapotBlue.png */; };
		34D1DA9919A4577300CE0CA1 /* TextureTeapotBrass.png in Resources */ = {isa = PBXBuildFile; fileRef = 34D1DA8919A4577300CE0CA1 /* TextureTeapotBrass.png */; };
		34D1DA9A19A4577300CE0CA1 /* TextureTeapotGreen.png in Resources */ = {isa = PBXBuildFile; fileRef = 34D1DA8A19A4577300CE0CA1 /* TextureTeapotGreen.png */; };
		34D1DA9B19A4577300CE0CA1 /* TextureTeapotRed.png in Resources */ = {isa = PBXBuildFile; fileRef = 34D1DA8B19A4577300CE0CA1 /* TextureTeapotRed.png */; };
		34D1DA9C19A4577300CE0CA1 /* TextureTeapotYellow.png in Resources */ = {isa = PBXBuildFile; fileRef = 34D1DA8C19A4577300CE0CA1 /* TextureTeapotYellow.png */; };
		34D1DA9D19A4577300CE0CA1 /* DerSpiegel-media-34098_003.png in Resources */ = {isa = PBXBuildFile; fileRef = 34D1DA8D19A4577300CE0CA1 /* DerSpiegel-media-34098_003.png */; };
		34D1DA9E19A4577300CE0CA1 /* Intercept-psychology-a-new-kind-of-sigdev_025.png in Resources */ = {isa = PBXBuildFile; fileRef = 34D1DA8E19A4577300CE0CA1 /* Intercept-psychology-a-new-kind-of-sigdev_025.png */; };
		34D1DA9F19A4577300CE0CA1 /* Intercept-psychology-a-new-kind-of-sigdev_020.png in Resources */ = {isa = PBXBuildFile; fileRef = 34D1DA8F19A4577300CE0CA1 /* Intercept-psychology-a-new-kind-of-sigdev_020.png */; };
		34D1DAA019A4577300CE0CA1 /* transparent.png in Resources */ = {isa = PBXBuildFile; fileRef = 34D1DA9019A4577300CE0CA1 /* transparent.png */; };
		34D1DAA119A4577300CE0CA1 /* clouds.png in Resources */ = {isa = PBXBuildFile; fileRef = 34D1DA9119A4577300CE0CA1 /* clouds.png */; };
		34D1DAA419A45F7000CE0CA1 /* building_texture.jpeg in Resources */ = {isa = PBXBuildFile; fileRef = 34D1DAA219A45F7000CE0CA1 /* building_texture.jpeg */; };
		34D1DAA519A45F7000CE0CA1 /* buildings.txt in Resources */ = {isa = PBXBuildFile; fileRef = 34D1DAA319A45F7000CE0CA1 /* buildings.txt */; };
		34D1DAAB19A45FB700CE0CA1 /* Line.vertsh in Resources */ = {isa = PBXBuildFile; fileRef = 34D1DAA719A45FB700CE0CA1 /* Line.vertsh */; };
		34D1DAAC19A45FB700CE0CA1 /* Line.fragsh in Resources */ = {isa = PBXBuildFile; fileRef = 34D1DAA819A45FB700CE0CA1 /* Line.fragsh */; };
		34D1DAAD19A45FB700CE0CA1 /* Simple.fragsh in Resources */ = {isa = PBXBuildFile; fileRef = 34D1DAA919A45FB700CE0CA1 /* Simple.fragsh */; };
		34D1DAAE19A45FB700CE0CA1 /* Simple.vertsh in Resources */ = {isa = PBXBuildFile; fileRef = 34D1DAAA19A45FB700CE0CA1 /* Simple.vertsh */; };
		34D1DABA19A57F0E00CE0CA1 /* clouds-2.png in Resources */ = {isa = PBXBuildFile; fileRef = 34D1DAB919A57F0E00CE0CA1 /* clouds-2.png */; };
		34D1DABC19A5A7D200CE0CA1 /* GLKit.framework in Frameworks */ = {isa = PBXBuildFile; fileRef = 34D1DABB19A5A7D200CE0CA1 /* GLKit.framework */; };
/* End PBXBuildFile section */

/* Begin PBXContainerItemProxy section */
		34832EA819A1829200C80D70 /* PBXContainerItemProxy */ = {
			isa = PBXContainerItemProxy;
			containerPortal = 34832E8019A1829100C80D70 /* Project object */;
			proxyType = 1;
			remoteGlobalIDString = 34832E8719A1829100C80D70;
			remoteInfo = "Art for Spooks";
		};
/* End PBXContainerItemProxy section */

/* Begin PBXFileReference section */
		34832E8819A1829100C80D70 /* Art for Spooks.app */ = {isa = PBXFileReference; explicitFileType = wrapper.application; includeInIndex = 0; path = "Art for Spooks.app"; sourceTree = BUILT_PRODUCTS_DIR; };
		34832E8B19A1829100C80D70 /* Foundation.framework */ = {isa = PBXFileReference; lastKnownFileType = wrapper.framework; name = Foundation.framework; path = System/Library/Frameworks/Foundation.framework; sourceTree = SDKROOT; };
		34832E8D19A1829100C80D70 /* CoreGraphics.framework */ = {isa = PBXFileReference; lastKnownFileType = wrapper.framework; name = CoreGraphics.framework; path = System/Library/Frameworks/CoreGraphics.framework; sourceTree = SDKROOT; };
		34832E8F19A1829100C80D70 /* UIKit.framework */ = {isa = PBXFileReference; lastKnownFileType = wrapper.framework; name = UIKit.framework; path = System/Library/Frameworks/UIKit.framework; sourceTree = SDKROOT; };
		34832E9319A1829100C80D70 /* Art for Spooks-Info.plist */ = {isa = PBXFileReference; lastKnownFileType = text.plist.xml; path = "Art for Spooks-Info.plist"; sourceTree = "<group>"; };
		34832E9519A1829100C80D70 /* en */ = {isa = PBXFileReference; lastKnownFileType = text.plist.strings; name = en; path = en.lproj/InfoPlist.strings; sourceTree = "<group>"; };
		34832E9719A1829100C80D70 /* main.m */ = {isa = PBXFileReference; lastKnownFileType = sourcecode.c.objc; path = main.m; sourceTree = "<group>"; };
		34832E9919A1829100C80D70 /* Art for Spooks-Prefix.pch */ = {isa = PBXFileReference; lastKnownFileType = sourcecode.c.h; path = "Art for Spooks-Prefix.pch"; sourceTree = "<group>"; };
		34832E9A19A1829100C80D70 /* AFSAppDelegate.h */ = {isa = PBXFileReference; lastKnownFileType = sourcecode.c.h; path = AFSAppDelegate.h; sourceTree = "<group>"; };
		34832E9B19A1829100C80D70 /* AFSAppDelegate.mm */ = {isa = PBXFileReference; lastKnownFileType = sourcecode.cpp.objcpp; path = AFSAppDelegate.mm; sourceTree = "<group>"; };
		34832E9D19A1829100C80D70 /* Images.xcassets */ = {isa = PBXFileReference; lastKnownFileType = folder.assetcatalog; path = Images.xcassets; sourceTree = "<group>"; };
		34832EA319A1829100C80D70 /* Art for SpooksTests.xctest */ = {isa = PBXFileReference; explicitFileType = wrapper.cfbundle; includeInIndex = 0; path = "Art for SpooksTests.xctest"; sourceTree = BUILT_PRODUCTS_DIR; };
		34832EA419A1829100C80D70 /* XCTest.framework */ = {isa = PBXFileReference; lastKnownFileType = wrapper.framework; name = XCTest.framework; path = Library/Frameworks/XCTest.framework; sourceTree = DEVELOPER_DIR; };
		34832EAC19A1829200C80D70 /* Art for SpooksTests-Info.plist */ = {isa = PBXFileReference; lastKnownFileType = text.plist.xml; path = "Art for SpooksTests-Info.plist"; sourceTree = "<group>"; };
		34832EAE19A1829200C80D70 /* en */ = {isa = PBXFileReference; lastKnownFileType = text.plist.strings; name = en; path = en.lproj/InfoPlist.strings; sourceTree = "<group>"; };
		34832EB019A1829200C80D70 /* Art_for_SpooksTests.m */ = {isa = PBXFileReference; lastKnownFileType = sourcecode.c.objc; path = Art_for_SpooksTests.m; sourceTree = "<group>"; };
		34832EBA19A1834600C80D70 /* CoreVideo.framework */ = {isa = PBXFileReference; lastKnownFileType = wrapper.framework; name = CoreVideo.framework; path = System/Library/Frameworks/CoreVideo.framework; sourceTree = SDKROOT; };
		34832EBC19A1834F00C80D70 /* CoreMedia.framework */ = {isa = PBXFileReference; lastKnownFileType = wrapper.framework; name = CoreMedia.framework; path = System/Library/Frameworks/CoreMedia.framework; sourceTree = SDKROOT; };
		34832EBE19A1835C00C80D70 /* AVFoundation.framework */ = {isa = PBXFileReference; lastKnownFileType = wrapper.framework; name = AVFoundation.framework; path = System/Library/Frameworks/AVFoundation.framework; sourceTree = SDKROOT; };
		34832EC019A1836700C80D70 /* SystemConfiguration.framework */ = {isa = PBXFileReference; lastKnownFileType = wrapper.framework; name = SystemConfiguration.framework; path = System/Library/Frameworks/SystemConfiguration.framework; sourceTree = SDKROOT; };
		34832EC219A1837000C80D70 /* OpenGLES.framework */ = {isa = PBXFileReference; lastKnownFileType = wrapper.framework; name = OpenGLES.framework; path = System/Library/Frameworks/OpenGLES.framework; sourceTree = SDKROOT; };
		34832EC419A1837D00C80D70 /* CoreMotion.framework */ = {isa = PBXFileReference; lastKnownFileType = wrapper.framework; name = CoreMotion.framework; path = System/Library/Frameworks/CoreMotion.framework; sourceTree = SDKROOT; };
		34832EC619A1838700C80D70 /* Security.framework */ = {isa = PBXFileReference; lastKnownFileType = wrapper.framework; name = Security.framework; path = System/Library/Frameworks/Security.framework; sourceTree = SDKROOT; };
		34832EC819A1839200C80D70 /* QuartzCore.framework */ = {isa = PBXFileReference; lastKnownFileType = wrapper.framework; name = QuartzCore.framework; path = System/Library/Frameworks/QuartzCore.framework; sourceTree = SDKROOT; };
		34832ECA19A1841B00C80D70 /* libVuforia.a */ = {isa = PBXFileReference; lastKnownFileType = archive.ar; name = libVuforia.a; path = "../../../../../development/vuforia-sdk-ios-3-0-9/build/lib/arm/libVuforia.a"; sourceTree = "<group>"; };
		34D1DA6019A4531800CE0CA1 /* AFSImageTargetsEAGLView.h */ = {isa = PBXFileReference; fileEncoding = 4; lastKnownFileType = sourcecode.c.h; path = AFSImageTargetsEAGLView.h; sourceTree = "<group>"; };
		34D1DA6119A4531800CE0CA1 /* AFSImageTargetsEAGLView.mm */ = {isa = PBXFileReference; fileEncoding = 4; lastKnownFileType = sourcecode.cpp.objcpp; path = AFSImageTargetsEAGLView.mm; sourceTree = "<group>"; };
		34D1DA6219A4531800CE0CA1 /* AFSImageTargetsViewController.h */ = {isa = PBXFileReference; fileEncoding = 4; lastKnownFileType = sourcecode.c.h; path = AFSImageTargetsViewController.h; sourceTree = "<group>"; };
		34D1DA6319A4531800CE0CA1 /* AFSImageTargetsViewController.mm */ = {isa = PBXFileReference; fileEncoding = 4; lastKnownFileType = sourcecode.cpp.objcpp; path = AFSImageTargetsViewController.mm; sourceTree = "<group>"; };
		34D1DA6C19A4559E00CE0CA1 /* SampleApplicationSession.h */ = {isa = PBXFileReference; fileEncoding = 4; lastKnownFileType = sourcecode.c.h; path = SampleApplicationSession.h; sourceTree = "<group>"; };
		34D1DA6D19A4559E00CE0CA1 /* SampleApplicationSession.mm */ = {isa = PBXFileReference; fileEncoding = 4; lastKnownFileType = sourcecode.cpp.objcpp; path = SampleApplicationSession.mm; sourceTree = "<group>"; };
		34D1DA6E19A4559E00CE0CA1 /* SampleApplicationUtils.h */ = {isa = PBXFileReference; fileEncoding = 4; lastKnownFileType = sourcecode.c.h; path = SampleApplicationUtils.h; sourceTree = "<group>"; };
		34D1DA6F19A4559E00CE0CA1 /* SampleApplicationUtils.cpp */ = {isa = PBXFileReference; fileEncoding = 4; lastKnownFileType = sourcecode.cpp.cpp; path = SampleApplicationUtils.cpp; sourceTree = "<group>"; };
		34D1DA7019A4559E00CE0CA1 /* SampleApplicationShaderUtils.h */ = {isa = PBXFileReference; fileEncoding = 4; lastKnownFileType = sourcecode.c.h; path = SampleApplicationShaderUtils.h; sourceTree = "<group>"; };
		34D1DA7119A4559E00CE0CA1 /* SampleApplicationShaderUtils.mm */ = {isa = PBXFileReference; explicitFileType = sourcecode.c.objc; fileEncoding = 4; path = SampleApplicationShaderUtils.mm; sourceTree = "<group>"; };
		34D1DA7219A4559E00CE0CA1 /* Texture.h */ = {isa = PBXFileReference; fileEncoding = 4; lastKnownFileType = sourcecode.c.h; path = Texture.h; sourceTree = "<group>"; };
		34D1DA7319A4559E00CE0CA1 /* Texture.mm */ = {isa = PBXFileReference; fileEncoding = 4; lastKnownFileType = sourcecode.cpp.objcpp; path = Texture.mm; sourceTree = "<group>"; };
		34D1DA7419A4559E00CE0CA1 /* Teapot.h */ = {isa = PBXFileReference; fileEncoding = 4; lastKnownFileType = sourcecode.c.h; path = Teapot.h; sourceTree = "<group>"; };
		34D1DA7519A4559E00CE0CA1 /* Quad.h */ = {isa = PBXFileReference; fileEncoding = 4; lastKnownFileType = sourcecode.c.h; path = Quad.h; sourceTree = "<group>"; };
		34D1DA7619A4559E00CE0CA1 /* QuadResized.h */ = {isa = PBXFileReference; fileEncoding = 4; lastKnownFileType = sourcecode.c.h; path = QuadResized.h; sourceTree = "<group>"; };
		34D1DA7719A4559E00CE0CA1 /* SampleApplication3DModel.h */ = {isa = PBXFileReference; fileEncoding = 4; lastKnownFileType = sourcecode.c.h; path = SampleApplication3DModel.h; sourceTree = "<group>"; };
		34D1DA7819A4559E00CE0CA1 /* SampleApplication3DModel.mm */ = {isa = PBXFileReference; fileEncoding = 4; lastKnownFileType = sourcecode.cpp.objcpp; path = SampleApplication3DModel.mm; sourceTree = "<group>"; };
		34D1DA7E19A456E200CE0CA1 /* SampleAppMenu.h */ = {isa = PBXFileReference; fileEncoding = 4; lastKnownFileType = sourcecode.c.h; path = SampleAppMenu.h; sourceTree = "<group>"; };
		34D1DA7F19A456E200CE0CA1 /* SampleAppMenu.mm */ = {isa = PBXFileReference; fileEncoding = 4; lastKnownFileType = sourcecode.cpp.objcpp; path = SampleAppMenu.mm; sourceTree = "<group>"; };
		34D1DA8219A4577300CE0CA1 /* ArtForSpooks.dat */ = {isa = PBXFileReference; lastKnownFileType = file; path = ArtForSpooks.dat; sourceTree = "<group>"; };
		34D1DA8319A4577300CE0CA1 /* ArtForSpooks.xml */ = {isa = PBXFileReference; fileEncoding = 4; lastKnownFileType = text.xml; path = ArtForSpooks.xml; sourceTree = "<group>"; };
		34D1DA8419A4577300CE0CA1 /* StonesAndChips.dat */ = {isa = PBXFileReference; lastKnownFileType = file; path = StonesAndChips.dat; sourceTree = "<group>"; };
		34D1DA8519A4577300CE0CA1 /* StonesAndChips.xml */ = {isa = PBXFileReference; fileEncoding = 4; lastKnownFileType = text.xml; path = StonesAndChips.xml; sourceTree = "<group>"; };
		34D1DA8619A4577300CE0CA1 /* Tarmac.dat */ = {isa = PBXFileReference; lastKnownFileType = file; path = Tarmac.dat; sourceTree = "<group>"; };
		34D1DA8719A4577300CE0CA1 /* Tarmac.xml */ = {isa = PBXFileReference; fileEncoding = 4; lastKnownFileType = text.xml; path = Tarmac.xml; sourceTree = "<group>"; };
		34D1DA8819A4577300CE0CA1 /* TextureTeapotBlue.png */ = {isa = PBXFileReference; lastKnownFileType = image.png; path = TextureTeapotBlue.png; sourceTree = "<group>"; };
		34D1DA8919A4577300CE0CA1 /* TextureTeapotBrass.png */ = {isa = PBXFileReference; lastKnownFileType = image.png; path = TextureTeapotBrass.png; sourceTree = "<group>"; };
		34D1DA8A19A4577300CE0CA1 /* TextureTeapotGreen.png */ = {isa = PBXFileReference; lastKnownFileType = image.png; path = TextureTeapotGreen.png; sourceTree = "<group>"; };
		34D1DA8B19A4577300CE0CA1 /* TextureTeapotRed.png */ = {isa = PBXFileReference; lastKnownFileType = image.png; path = TextureTeapotRed.png; sourceTree = "<group>"; };
		34D1DA8C19A4577300CE0CA1 /* TextureTeapotYellow.png */ = {isa = PBXFileReference; lastKnownFileType = image.png; path = TextureTeapotYellow.png; sourceTree = "<group>"; };
		34D1DA8D19A4577300CE0CA1 /* DerSpiegel-media-34098_003.png */ = {isa = PBXFileReference; lastKnownFileType = image.png; path = "DerSpiegel-media-34098_003.png"; sourceTree = "<group>"; };
		34D1DA8E19A4577300CE0CA1 /* Intercept-psychology-a-new-kind-of-sigdev_025.png */ = {isa = PBXFileReference; lastKnownFileType = image.png; path = "Intercept-psychology-a-new-kind-of-sigdev_025.png"; sourceTree = "<group>"; };
		34D1DA8F19A4577300CE0CA1 /* Intercept-psychology-a-new-kind-of-sigdev_020.png */ = {isa = PBXFileReference; lastKnownFileType = image.png; path = "Intercept-psychology-a-new-kind-of-sigdev_020.png"; sourceTree = "<group>"; };
		34D1DA9019A4577300CE0CA1 /* transparent.png */ = {isa = PBXFileReference; lastKnownFileType = image.png; path = transparent.png; sourceTree = "<group>"; };
		34D1DA9119A4577300CE0CA1 /* clouds.png */ = {isa = PBXFileReference; lastKnownFileType = image.png; path = clouds.png; sourceTree = "<group>"; };
		34D1DAA219A45F7000CE0CA1 /* building_texture.jpeg */ = {isa = PBXFileReference; lastKnownFileType = image.jpeg; path = building_texture.jpeg; sourceTree = "<group>"; };
		34D1DAA319A45F7000CE0CA1 /* buildings.txt */ = {isa = PBXFileReference; fileEncoding = 4; lastKnownFileType = text; path = buildings.txt; sourceTree = "<group>"; };
		34D1DAA719A45FB700CE0CA1 /* Line.vertsh */ = {isa = PBXFileReference; fileEncoding = 4; lastKnownFileType = text; path = Line.vertsh; sourceTree = "<group>"; };
		34D1DAA819A45FB700CE0CA1 /* Line.fragsh */ = {isa = PBXFileReference; fileEncoding = 4; lastKnownFileType = text; path = Line.fragsh; sourceTree = "<group>"; };
		34D1DAA919A45FB700CE0CA1 /* Simple.fragsh */ = {isa = PBXFileReference; fileEncoding = 4; lastKnownFileType = text; path = Simple.fragsh; sourceTree = "<group>"; };
		34D1DAAA19A45FB700CE0CA1 /* Simple.vertsh */ = {isa = PBXFileReference; fileEncoding = 4; lastKnownFileType = text; path = Simple.vertsh; sourceTree = "<group>"; };
		34D1DAB919A57F0E00CE0CA1 /* clouds-2.png */ = {isa = PBXFileReference; lastKnownFileType = image.png; path = "clouds-2.png"; sourceTree = "<group>"; };
		34D1DABB19A5A7D200CE0CA1 /* GLKit.framework */ = {isa = PBXFileReference; lastKnownFileType = wrapper.framework; name = GLKit.framework; path = System/Library/Frameworks/GLKit.framework; sourceTree = SDKROOT; };
/* End PBXFileReference section */

/* Begin PBXFrameworksBuildPhase section */
		34832E8519A1829100C80D70 /* Frameworks */ = {
			isa = PBXFrameworksBuildPhase;
			buildActionMask = 2147483647;
			files = (
				34832EBB19A1834600C80D70 /* CoreVideo.framework in Frameworks */,
				34832EBD19A1834F00C80D70 /* CoreMedia.framework in Frameworks */,
				34832EBF19A1835C00C80D70 /* AVFoundation.framework in Frameworks */,
				34832EC119A1836700C80D70 /* SystemConfiguration.framework in Frameworks */,
				34832EC319A1837000C80D70 /* OpenGLES.framework in Frameworks */,
				34832EC519A1837D00C80D70 /* CoreMotion.framework in Frameworks */,
				34832EC719A1838700C80D70 /* Security.framework in Frameworks */,
				34832EC919A1839200C80D70 /* QuartzCore.framework in Frameworks */,
				34D1DABC19A5A7D200CE0CA1 /* GLKit.framework in Frameworks */,
				34832E9019A1829100C80D70 /* UIKit.framework in Frameworks */,
				34832E8C19A1829100C80D70 /* Foundation.framework in Frameworks */,
				34832E8E19A1829100C80D70 /* CoreGraphics.framework in Frameworks */,
				34832ECB19A1841B00C80D70 /* libVuforia.a in Frameworks */,
			);
			runOnlyForDeploymentPostprocessing = 0;
		};
		34832EA019A1829100C80D70 /* Frameworks */ = {
			isa = PBXFrameworksBuildPhase;
			buildActionMask = 2147483647;
			files = (
				34832EA519A1829100C80D70 /* XCTest.framework in Frameworks */,
				34832EA719A1829200C80D70 /* UIKit.framework in Frameworks */,
				34832EA619A1829200C80D70 /* Foundation.framework in Frameworks */,
			);
			runOnlyForDeploymentPostprocessing = 0;
		};
/* End PBXFrameworksBuildPhase section */

/* Begin PBXGroup section */
		34832E7F19A1829100C80D70 = {
			isa = PBXGroup;
			children = (
				34832E9119A1829100C80D70 /* Art for Spooks */,
				34832EAA19A1829200C80D70 /* Art for SpooksTests */,
				34832E8A19A1829100C80D70 /* Frameworks */,
				34832E8919A1829100C80D70 /* Products */,
			);
			sourceTree = "<group>";
		};
		34832E8919A1829100C80D70 /* Products */ = {
			isa = PBXGroup;
			children = (
				34832E8819A1829100C80D70 /* Art for Spooks.app */,
				34832EA319A1829100C80D70 /* Art for SpooksTests.xctest */,
			);
			name = Products;
			sourceTree = "<group>";
		};
		34832E8A19A1829100C80D70 /* Frameworks */ = {
			isa = PBXGroup;
			children = (
				34D1DABB19A5A7D200CE0CA1 /* GLKit.framework */,
				34832ECA19A1841B00C80D70 /* libVuforia.a */,
				34832EC819A1839200C80D70 /* QuartzCore.framework */,
				34832EC619A1838700C80D70 /* Security.framework */,
				34832EC419A1837D00C80D70 /* CoreMotion.framework */,
				34832EC219A1837000C80D70 /* OpenGLES.framework */,
				34832EC019A1836700C80D70 /* SystemConfiguration.framework */,
				34832EBE19A1835C00C80D70 /* AVFoundation.framework */,
				34832EBC19A1834F00C80D70 /* CoreMedia.framework */,
				34832EBA19A1834600C80D70 /* CoreVideo.framework */,
				34832E8B19A1829100C80D70 /* Foundation.framework */,
				34832E8D19A1829100C80D70 /* CoreGraphics.framework */,
				34832E8F19A1829100C80D70 /* UIKit.framework */,
				34832EA419A1829100C80D70 /* XCTest.framework */,
			);
			name = Frameworks;
			sourceTree = "<group>";
		};
		34832E9119A1829100C80D70 /* Art for Spooks */ = {
			isa = PBXGroup;
			children = (
				34D1DA8119A4574F00CE0CA1 /* Assets */,
				34D1DA6B19A4557C00CE0CA1 /* VuforiaSampleApp */,
				34832E9A19A1829100C80D70 /* AFSAppDelegate.h */,
				34D1DA7619A4559E00CE0CA1 /* QuadResized.h */,
				34832E9B19A1829100C80D70 /* AFSAppDelegate.mm */,
				34D1DA6019A4531800CE0CA1 /* AFSImageTargetsEAGLView.h */,
				34D1DA6119A4531800CE0CA1 /* AFSImageTargetsEAGLView.mm */,
				34D1DA6219A4531800CE0CA1 /* AFSImageTargetsViewController.h */,
				34D1DA6319A4531800CE0CA1 /* AFSImageTargetsViewController.mm */,
				34832E9D19A1829100C80D70 /* Images.xcassets */,
				34832E9219A1829100C80D70 /* Supporting Files */,
			);
			path = "Art for Spooks";
			sourceTree = "<group>";
		};
		34832E9219A1829100C80D70 /* Supporting Files */ = {
			isa = PBXGroup;
			children = (
				34832E9319A1829100C80D70 /* Art for Spooks-Info.plist */,
				34832E9419A1829100C80D70 /* InfoPlist.strings */,
				34832E9719A1829100C80D70 /* main.m */,
				34832E9919A1829100C80D70 /* Art for Spooks-Prefix.pch */,
			);
			name = "Supporting Files";
			sourceTree = "<group>";
		};
		34832EAA19A1829200C80D70 /* Art for SpooksTests */ = {
			isa = PBXGroup;
			children = (
				34832EB019A1829200C80D70 /* Art_for_SpooksTests.m */,
				34832EAB19A1829200C80D70 /* Supporting Files */,
			);
			path = "Art for SpooksTests";
			sourceTree = "<group>";
		};
		34832EAB19A1829200C80D70 /* Supporting Files */ = {
			isa = PBXGroup;
			children = (
				34832EAC19A1829200C80D70 /* Art for SpooksTests-Info.plist */,
				34832EAD19A1829200C80D70 /* InfoPlist.strings */,
			);
			name = "Supporting Files";
			sourceTree = "<group>";
		};
		34D1DA6B19A4557C00CE0CA1 /* VuforiaSampleApp */ = {
			isa = PBXGroup;
			children = (
				34D1DAA619A45FAC00CE0CA1 /* Shaders */,
				34D1DA7E19A456E200CE0CA1 /* SampleAppMenu.h */,
				34D1DA7F19A456E200CE0CA1 /* SampleAppMenu.mm */,
				34D1DA6C19A4559E00CE0CA1 /* SampleApplicationSession.h */,
				34D1DA6D19A4559E00CE0CA1 /* SampleApplicationSession.mm */,
				34D1DA6E19A4559E00CE0CA1 /* SampleApplicationUtils.h */,
				34D1DA6F19A4559E00CE0CA1 /* SampleApplicationUtils.cpp */,
				34D1DA7019A4559E00CE0CA1 /* SampleApplicationShaderUtils.h */,
				34D1DA7119A4559E00CE0CA1 /* SampleApplicationShaderUtils.mm */,
				34D1DA7219A4559E00CE0CA1 /* Texture.h */,
				34D1DA7319A4559E00CE0CA1 /* Texture.mm */,
				34D1DA7419A4559E00CE0CA1 /* Teapot.h */,
				34D1DA7519A4559E00CE0CA1 /* Quad.h */,
				34D1DA7719A4559E00CE0CA1 /* SampleApplication3DModel.h */,
				34D1DA7819A4559E00CE0CA1 /* SampleApplication3DModel.mm */,
			);
			name = VuforiaSampleApp;
			sourceTree = "<group>";
		};
		34D1DA8119A4574F00CE0CA1 /* Assets */ = {
			isa = PBXGroup;
			children = (
				34D1DA8219A4577300CE0CA1 /* ArtForSpooks.dat */,
				34D1DA8319A4577300CE0CA1 /* ArtForSpooks.xml */,
				34D1DA8419A4577300CE0CA1 /* StonesAndChips.dat */,
				34D1DA8519A4577300CE0CA1 /* StonesAndChips.xml */,
				34D1DA8619A4577300CE0CA1 /* Tarmac.dat */,
				34D1DA8719A4577300CE0CA1 /* Tarmac.xml */,
				34D1DAA219A45F7000CE0CA1 /* building_texture.jpeg */,
				34D1DAA319A45F7000CE0CA1 /* buildings.txt */,
				34D1DA8819A4577300CE0CA1 /* TextureTeapotBlue.png */,
				34D1DA8919A4577300CE0CA1 /* TextureTeapotBrass.png */,
				34D1DA8A19A4577300CE0CA1 /* TextureTeapotGreen.png */,
				34D1DA8B19A4577300CE0CA1 /* TextureTeapotRed.png */,
				34D1DA8C19A4577300CE0CA1 /* TextureTeapotYellow.png */,
				34D1DA8D19A4577300CE0CA1 /* DerSpiegel-media-34098_003.png */,
				34D1DA8E19A4577300CE0CA1 /* Intercept-psychology-a-new-kind-of-sigdev_025.png */,
				34D1DA8F19A4577300CE0CA1 /* Intercept-psychology-a-new-kind-of-sigdev_020.png */,
				34D1DA9019A4577300CE0CA1 /* transparent.png */,
				34D1DA9119A4577300CE0CA1 /* clouds.png */,
				34D1DAB919A57F0E00CE0CA1 /* clouds-2.png */,
			);
			name = Assets;
			sourceTree = "<group>";
		};
		34D1DAA619A45FAC00CE0CA1 /* Shaders */ = {
			isa = PBXGroup;
			children = (
				34D1DAA719A45FB700CE0CA1 /* Line.vertsh */,
				34D1DAA819A45FB700CE0CA1 /* Line.fragsh */,
				34D1DAA919A45FB700CE0CA1 /* Simple.fragsh */,
				34D1DAAA19A45FB700CE0CA1 /* Simple.vertsh */,
			);
			name = Shaders;
			sourceTree = "<group>";
		};
/* End PBXGroup section */

/* Begin PBXNativeTarget section */
		34832E8719A1829100C80D70 /* Art for Spooks */ = {
			isa = PBXNativeTarget;
			buildConfigurationList = 34832EB419A1829200C80D70 /* Build configuration list for PBXNativeTarget "Art for Spooks" */;
			buildPhases = (
				34832E8419A1829100C80D70 /* Sources */,
				34832E8519A1829100C80D70 /* Frameworks */,
				34832E8619A1829100C80D70 /* Resources */,
			);
			buildRules = (
			);
			dependencies = (
			);
			name = "Art for Spooks";
			productName = "Art for Spooks";
			productReference = 34832E8819A1829100C80D70 /* Art for Spooks.app */;
			productType = "com.apple.product-type.application";
		};
		34832EA219A1829100C80D70 /* Art for SpooksTests */ = {
			isa = PBXNativeTarget;
			buildConfigurationList = 34832EB719A1829200C80D70 /* Build configuration list for PBXNativeTarget "Art for SpooksTests" */;
			buildPhases = (
				34832E9F19A1829100C80D70 /* Sources */,
				34832EA019A1829100C80D70 /* Frameworks */,
				34832EA119A1829100C80D70 /* Resources */,
			);
			buildRules = (
			);
			dependencies = (
				34832EA919A1829200C80D70 /* PBXTargetDependency */,
			);
			name = "Art for SpooksTests";
			productName = "Art for SpooksTests";
			productReference = 34832EA319A1829100C80D70 /* Art for SpooksTests.xctest */;
			productType = "com.apple.product-type.bundle.unit-test";
		};
/* End PBXNativeTarget section */

/* Begin PBXProject section */
		34832E8019A1829100C80D70 /* Project object */ = {
			isa = PBXProject;
			attributes = {
				CLASSPREFIX = AFS;
				LastUpgradeCheck = 0510;
				ORGANIZATIONNAME = zeitkunst;
				TargetAttributes = {
					34832EA219A1829100C80D70 = {
						TestTargetID = 34832E8719A1829100C80D70;
					};
				};
			};
			buildConfigurationList = 34832E8319A1829100C80D70 /* Build configuration list for PBXProject "Art for Spooks" */;
			compatibilityVersion = "Xcode 3.2";
			developmentRegion = English;
			hasScannedForEncodings = 0;
			knownRegions = (
				en,
			);
			mainGroup = 34832E7F19A1829100C80D70;
			productRefGroup = 34832E8919A1829100C80D70 /* Products */;
			projectDirPath = "";
			projectRoot = "";
			targets = (
				34832E8719A1829100C80D70 /* Art for Spooks */,
				34832EA219A1829100C80D70 /* Art for SpooksTests */,
			);
		};
/* End PBXProject section */

/* Begin PBXResourcesBuildPhase section */
		34832E8619A1829100C80D70 /* Resources */ = {
			isa = PBXResourcesBuildPhase;
			buildActionMask = 2147483647;
			files = (
				34D1DAA019A4577300CE0CA1 /* transparent.png in Resources */,
				34D1DA9319A4577300CE0CA1 /* ArtForSpooks.xml in Resources */,
				34D1DAAB19A45FB700CE0CA1 /* Line.vertsh in Resources */,
				34D1DA9619A4577300CE0CA1 /* Tarmac.dat in Resources */,
				34D1DABA19A57F0E00CE0CA1 /* clouds-2.png in Resources */,
				34D1DAAC19A45FB700CE0CA1 /* Line.fragsh in Resources */,
				34D1DAA119A4577300CE0CA1 /* clouds.png in Resources */,
				34D1DA9F19A4577300CE0CA1 /* Intercept-psychology-a-new-kind-of-sigdev_020.png in Resources */,
				34832E9619A1829100C80D70 /* InfoPlist.strings in Resources */,
				34D1DA9819A4577300CE0CA1 /* TextureTeapotBlue.png in Resources */,
				34D1DAAE19A45FB700CE0CA1 /* Simple.vertsh in Resources */,
				34D1DA9219A4577300CE0CA1 /* ArtForSpooks.dat in Resources */,
				34D1DA9B19A4577300CE0CA1 /* TextureTeapotRed.png in Resources */,
				34D1DAAD19A45FB700CE0CA1 /* Simple.fragsh in Resources */,
				34D1DA9919A4577300CE0CA1 /* TextureTeapotBrass.png in Resources */,
				34D1DA9D19A4577300CE0CA1 /* DerSpiegel-media-34098_003.png in Resources */,
				34D1DA9419A4577300CE0CA1 /* StonesAndChips.dat in Resources */,
				34D1DA9719A4577300CE0CA1 /* Tarmac.xml in Resources */,
				34832E9E19A1829100C80D70 /* Images.xcassets in Resources */,
				34D1DA9C19A4577300CE0CA1 /* TextureTeapotYellow.png in Resources */,
				34D1DA9E19A4577300CE0CA1 /* Intercept-psychology-a-new-kind-of-sigdev_025.png in Resources */,
				34D1DAA419A45F7000CE0CA1 /* building_texture.jpeg in Resources */,
				34D1DA9519A4577300CE0CA1 /* StonesAndChips.xml in Resources */,
				34D1DAA519A45F7000CE0CA1 /* buildings.txt in Resources */,
				34D1DA9A19A4577300CE0CA1 /* TextureTeapotGreen.png in Resources */,
			);
			runOnlyForDeploymentPostprocessing = 0;
		};
		34832EA119A1829100C80D70 /* Resources */ = {
			isa = PBXResourcesBuildPhase;
			buildActionMask = 2147483647;
			files = (
				34832EAF19A1829200C80D70 /* InfoPlist.strings in Resources */,
			);
			runOnlyForDeploymentPostprocessing = 0;
		};
/* End PBXResourcesBuildPhase section */

/* Begin PBXSourcesBuildPhase section */
		34832E8419A1829100C80D70 /* Sources */ = {
			isa = PBXSourcesBuildPhase;
			buildActionMask = 2147483647;
			files = (
				34D1DA7B19A4559E00CE0CA1 /* SampleApplicationShaderUtils.mm in Sources */,
				34D1DA7A19A4559E00CE0CA1 /* SampleApplicationUtils.cpp in Sources */,
				34D1DA7D19A4559E00CE0CA1 /* SampleApplication3DModel.mm in Sources */,
				34832E9819A1829100C80D70 /* main.m in Sources */,
				34D1DA8019A456E200CE0CA1 /* SampleAppMenu.mm in Sources */,
				34D1DA7C19A4559E00CE0CA1 /* Texture.mm in Sources */,
				34D1DA6519A4531800CE0CA1 /* AFSImageTargetsViewController.mm in Sources */,
				34D1DA6419A4531800CE0CA1 /* AFSImageTargetsEAGLView.mm in Sources */,
				34832E9C19A1829100C80D70 /* AFSAppDelegate.mm in Sources */,
				34D1DA7919A4559E00CE0CA1 /* SampleApplicationSession.mm in Sources */,
			);
			runOnlyForDeploymentPostprocessing = 0;
		};
		34832E9F19A1829100C80D70 /* Sources */ = {
			isa = PBXSourcesBuildPhase;
			buildActionMask = 2147483647;
			files = (
				34832EB119A1829200C80D70 /* Art_for_SpooksTests.m in Sources */,
			);
			runOnlyForDeploymentPostprocessing = 0;
		};
/* End PBXSourcesBuildPhase section */

/* Begin PBXTargetDependency section */
		34832EA919A1829200C80D70 /* PBXTargetDependency */ = {
			isa = PBXTargetDependency;
			target = 34832E8719A1829100C80D70 /* Art for Spooks */;
			targetProxy = 34832EA819A1829200C80D70 /* PBXContainerItemProxy */;
		};
/* End PBXTargetDependency section */

/* Begin PBXVariantGroup section */
		34832E9419A1829100C80D70 /* InfoPlist.strings */ = {
			isa = PBXVariantGroup;
			children = (
				34832E9519A1829100C80D70 /* en */,
			);
			name = InfoPlist.strings;
			sourceTree = "<group>";
		};
		34832EAD19A1829200C80D70 /* InfoPlist.strings */ = {
			isa = PBXVariantGroup;
			children = (
				34832EAE19A1829200C80D70 /* en */,
			);
			name = InfoPlist.strings;
			sourceTree = "<group>";
		};
/* End PBXVariantGroup section */

/* Begin XCBuildConfiguration section */
		34832EB219A1829200C80D70 /* Debug */ = {
			isa = XCBuildConfiguration;
			buildSettings = {
				ALWAYS_SEARCH_USER_PATHS = NO;
				CLANG_CXX_LANGUAGE_STANDARD = "gnu++0x";
				CLANG_CXX_LIBRARY = "libc++";
				CLANG_ENABLE_MODULES = YES;
				CLANG_ENABLE_OBJC_ARC = YES;
				CLANG_WARN_BOOL_CONVERSION = YES;
				CLANG_WARN_CONSTANT_CONVERSION = YES;
				CLANG_WARN_DIRECT_OBJC_ISA_USAGE = YES_ERROR;
				CLANG_WARN_EMPTY_BODY = YES;
				CLANG_WARN_ENUM_CONVERSION = YES;
				CLANG_WARN_INT_CONVERSION = YES;
				CLANG_WARN_OBJC_ROOT_CLASS = YES_ERROR;
				CLANG_WARN__DUPLICATE_METHOD_MATCH = YES;
				"CODE_SIGN_IDENTITY[sdk=iphoneos*]" = "iPhone Developer";
				COPY_PHASE_STRIP = NO;
				GCC_C_LANGUAGE_STANDARD = gnu99;
				GCC_DYNAMIC_NO_PIC = NO;
				GCC_OPTIMIZATION_LEVEL = 0;
				GCC_PREPROCESSOR_DEFINITIONS = (
					"DEBUG=1",
					"$(inherited)",
				);
				GCC_SYMBOLS_PRIVATE_EXTERN = NO;
				GCC_WARN_64_TO_32_BIT_CONVERSION = YES;
				GCC_WARN_ABOUT_RETURN_TYPE = YES_ERROR;
				GCC_WARN_UNDECLARED_SELECTOR = YES;
				GCC_WARN_UNINITIALIZED_AUTOS = YES_AGGRESSIVE;
				GCC_WARN_UNUSED_FUNCTION = YES;
				GCC_WARN_UNUSED_VARIABLE = YES;
				IPHONEOS_DEPLOYMENT_TARGET = 7.1;
				ONLY_ACTIVE_ARCH = YES;
				SDKROOT = iphoneos;
				TARGETED_DEVICE_FAMILY = "1,2";
			};
			name = Debug;
		};
		34832EB319A1829200C80D70 /* Release */ = {
			isa = XCBuildConfiguration;
			buildSettings = {
				ALWAYS_SEARCH_USER_PATHS = NO;
				CLANG_CXX_LANGUAGE_STANDARD = "gnu++0x";
				CLANG_CXX_LIBRARY = "libc++";
				CLANG_ENABLE_MODULES = YES;
				CLANG_ENABLE_OBJC_ARC = YES;
				CLANG_WARN_BOOL_CONVERSION = YES;
				CLANG_WARN_CONSTANT_CONVERSION = YES;
				CLANG_WARN_DIRECT_OBJC_ISA_USAGE = YES_ERROR;
				CLANG_WARN_EMPTY_BODY = YES;
				CLANG_WARN_ENUM_CONVERSION = YES;
				CLANG_WARN_INT_CONVERSION = YES;
				CLANG_WARN_OBJC_ROOT_CLASS = YES_ERROR;
				CLANG_WARN__DUPLICATE_METHOD_MATCH = YES;
				"CODE_SIGN_IDENTITY[sdk=iphoneos*]" = "iPhone Developer";
				COPY_PHASE_STRIP = YES;
				ENABLE_NS_ASSERTIONS = NO;
				GCC_C_LANGUAGE_STANDARD = gnu99;
				GCC_WARN_64_TO_32_BIT_CONVERSION = YES;
				GCC_WARN_ABOUT_RETURN_TYPE = YES_ERROR;
				GCC_WARN_UNDECLARED_SELECTOR = YES;
				GCC_WARN_UNINITIALIZED_AUTOS = YES_AGGRESSIVE;
				GCC_WARN_UNUSED_FUNCTION = YES;
				GCC_WARN_UNUSED_VARIABLE = YES;
				IPHONEOS_DEPLOYMENT_TARGET = 7.1;
				SDKROOT = iphoneos;
				TARGETED_DEVICE_FAMILY = "1,2";
				VALIDATE_PRODUCT = YES;
			};
			name = Release;
		};
		34832EB519A1829200C80D70 /* Debug */ = {
			isa = XCBuildConfiguration;
			buildSettings = {
				ARCHS = (
					armv7,
					armv7s,
				);
				ASSETCATALOG_COMPILER_APPICON_NAME = AppIcon;
				ASSETCATALOG_COMPILER_LAUNCHIMAGE_NAME = LaunchImage;
				CLANG_CXX_LANGUAGE_STANDARD = "c++0x";
				CLANG_CXX_LIBRARY = "libc++";
				CODE_SIGN_IDENTITY = "iPhone Developer: Nicholas Knouf (BB5YB7TJG3)";
				GCC_PRECOMPILE_PREFIX_HEADER = YES;
				GCC_PREFIX_HEADER = "Art for Spooks/Art for Spooks-Prefix.pch";
				HEADER_SEARCH_PATHS = (
					"$(inherited)",
					/Applications/Xcode.app/Contents/Developer/Toolchains/XcodeDefault.xctoolchain/usr/include,
					"/Users/nknouf/development/vuforia-sdk-ios-3-0-9/build/include",
				);
				INFOPLIST_FILE = "Art for Spooks/Art for Spooks-Info.plist";
				LIBRARY_SEARCH_PATHS = "/Users/nknouf/development/vuforia-sdk-ios-3-0-9/build/lib/arm";
				OTHER_LDFLAGS = "/Applications/Xcode.app/Contents/Developer/Platforms/iPhoneOS.platform/Developer/SDKs/iPhoneOS7.1.sdk/usr/lib/libstdc++.dylib";
				PRODUCT_NAME = "$(TARGET_NAME)";
				WRAPPER_EXTENSION = app;
			};
			name = Debug;
		};
		34832EB619A1829200C80D70 /* Release */ = {
			isa = XCBuildConfiguration;
			buildSettings = {
				ARCHS = (
					armv7,
					armv7s,
				);
				ASSETCATALOG_COMPILER_APPICON_NAME = AppIcon;
				ASSETCATALOG_COMPILER_LAUNCHIMAGE_NAME = LaunchImage;
				CLANG_CXX_LANGUAGE_STANDARD = "c++0x";
				CLANG_CXX_LIBRARY = "libc++";
				CODE_SIGN_IDENTITY = "iPhone Developer: Nicholas Knouf (BB5YB7TJG3)";
				GCC_PRECOMPILE_PREFIX_HEADER = YES;
				GCC_PREFIX_HEADER = "Art for Spooks/Art for Spooks-Prefix.pch";
				HEADER_SEARCH_PATHS = (
					"$(inherited)",
					/Applications/Xcode.app/Contents/Developer/Toolchains/XcodeDefault.xctoolchain/usr/include,
					"/Users/nknouf/development/vuforia-sdk-ios-3-0-9/build/include",
				);
				INFOPLIST_FILE = "Art for Spooks/Art for Spooks-Info.plist";
				LIBRARY_SEARCH_PATHS = "/Users/nknouf/development/vuforia-sdk-ios-3-0-9/build/lib/arm";
				OTHER_LDFLAGS = "/Applications/Xcode.app/Contents/Developer/Platforms/iPhoneOS.platform/Developer/SDKs/iPhoneOS7.1.sdk/usr/lib/libstdc++.dylib";
				PRODUCT_NAME = "$(TARGET_NAME)";
				WRAPPER_EXTENSION = app;
			};
			name = Release;
		};
		34832EB819A1829200C80D70 /* Debug */ = {
			isa = XCBuildConfiguration;
			buildSettings = {
				BUNDLE_LOADER = "$(BUILT_PRODUCTS_DIR)/Art for Spooks.app/Art for Spooks";
				FRAMEWORK_SEARCH_PATHS = (
					"$(SDKROOT)/Developer/Library/Frameworks",
					"$(inherited)",
					"$(DEVELOPER_FRAMEWORKS_DIR)",
				);
				GCC_PRECOMPILE_PREFIX_HEADER = YES;
				GCC_PREFIX_HEADER = "Art for Spooks/Art for Spooks-Prefix.pch";
				GCC_PREPROCESSOR_DEFINITIONS = (
					"DEBUG=1",
					"$(inherited)",
				);
				INFOPLIST_FILE = "Art for SpooksTests/Art for SpooksTests-Info.plist";
				PRODUCT_NAME = "$(TARGET_NAME)";
				TEST_HOST = "$(BUNDLE_LOADER)";
				WRAPPER_EXTENSION = xctest;
			};
			name = Debug;
		};
		34832EB919A1829200C80D70 /* Release */ = {
			isa = XCBuildConfiguration;
			buildSettings = {
				BUNDLE_LOADER = "$(BUILT_PRODUCTS_DIR)/Art for Spooks.app/Art for Spooks";
				FRAMEWORK_SEARCH_PATHS = (
					"$(SDKROOT)/Developer/Library/Frameworks",
					"$(inherited)",
					"$(DEVELOPER_FRAMEWORKS_DIR)",
				);
				GCC_PRECOMPILE_PREFIX_HEADER = YES;
				GCC_PREFIX_HEADER = "Art for Spooks/Art for Spooks-Prefix.pch";
				INFOPLIST_FILE = "Art for SpooksTests/Art for SpooksTests-Info.plist";
				PRODUCT_NAME = "$(TARGET_NAME)";
				TEST_HOST = "$(BUNDLE_LOADER)";
				WRAPPER_EXTENSION = xctest;
			};
			name = Release;
		};
/* End XCBuildConfiguration section */

/* Begin XCConfigurationList section */
		34832E8319A1829100C80D70 /* Build configuration list for PBXProject "Art for Spooks" */ = {
			isa = XCConfigurationList;
			buildConfigurations = (
				34832EB219A1829200C80D70 /* Debug */,
				34832EB319A1829200C80D70 /* Release */,
			);
			defaultConfigurationIsVisible = 0;
			defaultConfigurationName = Release;
		};
		34832EB419A1829200C80D70 /* Build configuration list for PBXNativeTarget "Art for Spooks" */ = {
			isa = XCConfigurationList;
			buildConfigurations = (
				34832EB519A1829200C80D70 /* Debug */,
				34832EB619A1829200C80D70 /* Release */,
			);
			defaultConfigurationIsVisible = 0;
			defaultConfigurationName = Release;
		};
		34832EB719A1829200C80D70 /* Build configuration list for PBXNativeTarget "Art for SpooksTests" */ = {
			isa = XCConfigurationList;
			buildConfigurations = (
				34832EB819A1829200C80D70 /* Debug */,
				34832EB919A1829200C80D70 /* Release */,
			);
			defaultConfigurationIsVisible = 0;
			defaultConfigurationName = Release;
		};
/* End XCConfigurationList section */
	};
	rootObject = 34832E8019A1829100C80D70 /* Project object */;
}
